// !$*UTF8*$!
{
	archiveVersion = 1;
	classes = {
	};
	objectVersion = 56;
	objects = {

/* Begin PBXBuildFile section */
		9C05AD302C81C9FF009D027D /* PetMood.swift in Sources */ = {isa = PBXBuildFile; fileRef = 9C05AD2F2C81C9FF009D027D /* PetMood.swift */; };
		9C05AD322C81CA20009D027D /* PetDetailsView.swift in Sources */ = {isa = PBXBuildFile; fileRef = 9C05AD312C81CA20009D027D /* PetDetailsView.swift */; };
		9C05AD372C860743009D027D /* LottieView.swift in Sources */ = {isa = PBXBuildFile; fileRef = 9C05AD362C860743009D027D /* LottieView.swift */; };
		9C05AD3B2C8713A9009D027D /* Lottie in Frameworks */ = {isa = PBXBuildFile; productRef = 9C05AD3A2C8713A9009D027D /* Lottie */; };
		9C15F5A72C7F48B400D3DFD4 /* VirtualPetApp.swift in Sources */ = {isa = PBXBuildFile; fileRef = 9C15F5A62C7F48B400D3DFD4 /* VirtualPetApp.swift */; };
		9C15F5AB2C7F48B500D3DFD4 /* Assets.xcassets in Resources */ = {isa = PBXBuildFile; fileRef = 9C15F5AA2C7F48B500D3DFD4 /* Assets.xcassets */; };
		9C15F5AE2C7F48B500D3DFD4 /* Preview Assets.xcassets in Resources */ = {isa = PBXBuildFile; fileRef = 9C15F5AD2C7F48B500D3DFD4 /* Preview Assets.xcassets */; };
		9C15F5B82C7F48B500D3DFD4 /* VirtualPetTests.swift in Sources */ = {isa = PBXBuildFile; fileRef = 9C15F5B72C7F48B500D3DFD4 /* VirtualPetTests.swift */; };
		9C15F5C22C7F48B500D3DFD4 /* VirtualPetUITests.swift in Sources */ = {isa = PBXBuildFile; fileRef = 9C15F5C12C7F48B500D3DFD4 /* VirtualPetUITests.swift */; };
		9C15F5C42C7F48B500D3DFD4 /* VirtualPetUITestsLaunchTests.swift in Sources */ = {isa = PBXBuildFile; fileRef = 9C15F5C32C7F48B500D3DFD4 /* VirtualPetUITestsLaunchTests.swift */; };
		9C15F5D12C7F511A00D3DFD4 /* CreatePetView.swift in Sources */ = {isa = PBXBuildFile; fileRef = 9C15F5D02C7F511A00D3DFD4 /* CreatePetView.swift */; };
		9C15F5D32C7F514E00D3DFD4 /* HomeView.swift in Sources */ = {isa = PBXBuildFile; fileRef = 9C15F5D22C7F514E00D3DFD4 /* HomeView.swift */; };
		9C15F5D72C7F537600D3DFD4 /* Pet.swift in Sources */ = {isa = PBXBuildFile; fileRef = 9C15F5D62C7F537600D3DFD4 /* Pet.swift */; };
		9C15F5D92C7F538800D3DFD4 /* PetType.swift in Sources */ = {isa = PBXBuildFile; fileRef = 9C15F5D82C7F538800D3DFD4 /* PetType.swift */; };
		9C15F5DB2C7F76A900D3DFD4 /* RegistrationView.swift in Sources */ = {isa = PBXBuildFile; fileRef = 9C15F5DA2C7F76A900D3DFD4 /* RegistrationView.swift */; };
		9C15F5DD2C7F76BA00D3DFD4 /* User.swift in Sources */ = {isa = PBXBuildFile; fileRef = 9C15F5DC2C7F76BA00D3DFD4 /* User.swift */; };
		9C15F5DF2C7F78FF00D3DFD4 /* OnboardingView.swift in Sources */ = {isa = PBXBuildFile; fileRef = 9C15F5DE2C7F78FE00D3DFD4 /* OnboardingView.swift */; };
		9C15F5E12C7F791200D3DFD4 /* LoginView.swift in Sources */ = {isa = PBXBuildFile; fileRef = 9C15F5E02C7F791200D3DFD4 /* LoginView.swift */; };
		9C3422552CA40E9200B98ADF /* Router.swift in Sources */ = {isa = PBXBuildFile; fileRef = 9C3422542CA40E9000B98ADF /* Router.swift */; };
		9C3422592CA5551500B98ADF /* PetService.swift in Sources */ = {isa = PBXBuildFile; fileRef = 9C3422582CA5551200B98ADF /* PetService.swift */; };
		9C5E2A712CA1BAD10071022C /* PetPlaceholderView.swift in Sources */ = {isa = PBXBuildFile; fileRef = 9C5E2A702CA1BACC0071022C /* PetPlaceholderView.swift */; };
		9C9BF5342C888B68001CF73C /* NetworkingService.swift in Sources */ = {isa = PBXBuildFile; fileRef = 9C9BF5332C888B68001CF73C /* NetworkingService.swift */; };
		9C9BF5362C889075001CF73C /* AuthService.swift in Sources */ = {isa = PBXBuildFile; fileRef = 9C9BF5352C889075001CF73C /* AuthService.swift */; };
		9CCDF4732C8B51890013133F /* ErrorResponse.swift in Sources */ = {isa = PBXBuildFile; fileRef = 9CCDF4722C8B51890013133F /* ErrorResponse.swift */; };
		9CCDF4752C8F14A60013133F /* UserService.swift in Sources */ = {isa = PBXBuildFile; fileRef = 9CCDF4742C8F14A60013133F /* UserService.swift */; };
		9CCDF4772C8F32E10013133F /* LoginResponse.swift in Sources */ = {isa = PBXBuildFile; fileRef = 9CCDF4762C8F32E10013133F /* LoginResponse.swift */; };
		9CF34C5B2C8715ED00114E72 /* Cat-LightGray.json in Resources */ = {isa = PBXBuildFile; fileRef = 9CF34C5A2C8715ED00114E72 /* Cat-LightGray.json */; };
		9CF34C5D2C87163700114E72 /* Cat-Black.json in Resources */ = {isa = PBXBuildFile; fileRef = 9CF34C5C2C87163700114E72 /* Cat-Black.json */; };
		9CF34C5F2C87165600114E72 /* Cat-Orange.json in Resources */ = {isa = PBXBuildFile; fileRef = 9CF34C5E2C87165600114E72 /* Cat-Orange.json */; };
		9CF34C612C87167D00114E72 /* Cat-DarkGray.json in Resources */ = {isa = PBXBuildFile; fileRef = 9CF34C602C87167D00114E72 /* Cat-DarkGray.json */; };
		9CF34C632C8721D900114E72 /* PetNeeds.swift in Sources */ = {isa = PBXBuildFile; fileRef = 9CF34C622C8721D900114E72 /* PetNeeds.swift */; };
		9CF34C652C873C9100114E72 /* PetDetailsViewModel.swift in Sources */ = {isa = PBXBuildFile; fileRef = 9CF34C642C873C9100114E72 /* PetDetailsViewModel.swift */; };
		9CF34C692C87427C00114E72 /* CreatePetViewModel.swift in Sources */ = {isa = PBXBuildFile; fileRef = 9CF34C682C87427C00114E72 /* CreatePetViewModel.swift */; };
		9CF34C6B2C875FEF00114E72 /* AuthViewModel.swift in Sources */ = {isa = PBXBuildFile; fileRef = 9CF34C6A2C875FEF00114E72 /* AuthViewModel.swift */; };
		9CFAFEE12C9B14DE005CF70C /* HomeViewModel.swift in Sources */ = {isa = PBXBuildFile; fileRef = 9CFAFEE02C9B14DC005CF70C /* HomeViewModel.swift */; };
		9CFAFEE72C9C9766005CF70C /* UserResponse.swift in Sources */ = {isa = PBXBuildFile; fileRef = 9CFAFEE62C9C9762005CF70C /* UserResponse.swift */; };
/* End PBXBuildFile section */

/* Begin PBXContainerItemProxy section */
		9C15F5B42C7F48B500D3DFD4 /* PBXContainerItemProxy */ = {
			isa = PBXContainerItemProxy;
			containerPortal = 9C15F59B2C7F48B400D3DFD4 /* Project object */;
			proxyType = 1;
			remoteGlobalIDString = 9C15F5A22C7F48B400D3DFD4;
			remoteInfo = VirtualPet;
		};
		9C15F5BE2C7F48B500D3DFD4 /* PBXContainerItemProxy */ = {
			isa = PBXContainerItemProxy;
			containerPortal = 9C15F59B2C7F48B400D3DFD4 /* Project object */;
			proxyType = 1;
			remoteGlobalIDString = 9C15F5A22C7F48B400D3DFD4;
			remoteInfo = VirtualPet;
		};
/* End PBXContainerItemProxy section */

/* Begin PBXFileReference section */
		9C05AD2F2C81C9FF009D027D /* PetMood.swift */ = {isa = PBXFileReference; lastKnownFileType = sourcecode.swift; path = PetMood.swift; sourceTree = "<group>"; };
		9C05AD312C81CA20009D027D /* PetDetailsView.swift */ = {isa = PBXFileReference; lastKnownFileType = sourcecode.swift; path = PetDetailsView.swift; sourceTree = "<group>"; };
		9C05AD362C860743009D027D /* LottieView.swift */ = {isa = PBXFileReference; lastKnownFileType = sourcecode.swift; path = LottieView.swift; sourceTree = "<group>"; };
		9C15F5A32C7F48B400D3DFD4 /* VirtualPet.app */ = {isa = PBXFileReference; explicitFileType = wrapper.application; includeInIndex = 0; path = VirtualPet.app; sourceTree = BUILT_PRODUCTS_DIR; };
		9C15F5A62C7F48B400D3DFD4 /* VirtualPetApp.swift */ = {isa = PBXFileReference; lastKnownFileType = sourcecode.swift; path = VirtualPetApp.swift; sourceTree = "<group>"; };
		9C15F5AA2C7F48B500D3DFD4 /* Assets.xcassets */ = {isa = PBXFileReference; lastKnownFileType = folder.assetcatalog; path = Assets.xcassets; sourceTree = "<group>"; };
		9C15F5AD2C7F48B500D3DFD4 /* Preview Assets.xcassets */ = {isa = PBXFileReference; lastKnownFileType = folder.assetcatalog; path = "Preview Assets.xcassets"; sourceTree = "<group>"; };
		9C15F5B32C7F48B500D3DFD4 /* VirtualPetTests.xctest */ = {isa = PBXFileReference; explicitFileType = wrapper.cfbundle; includeInIndex = 0; path = VirtualPetTests.xctest; sourceTree = BUILT_PRODUCTS_DIR; };
		9C15F5B72C7F48B500D3DFD4 /* VirtualPetTests.swift */ = {isa = PBXFileReference; lastKnownFileType = sourcecode.swift; path = VirtualPetTests.swift; sourceTree = "<group>"; };
		9C15F5BD2C7F48B500D3DFD4 /* VirtualPetUITests.xctest */ = {isa = PBXFileReference; explicitFileType = wrapper.cfbundle; includeInIndex = 0; path = VirtualPetUITests.xctest; sourceTree = BUILT_PRODUCTS_DIR; };
		9C15F5C12C7F48B500D3DFD4 /* VirtualPetUITests.swift */ = {isa = PBXFileReference; lastKnownFileType = sourcecode.swift; path = VirtualPetUITests.swift; sourceTree = "<group>"; };
		9C15F5C32C7F48B500D3DFD4 /* VirtualPetUITestsLaunchTests.swift */ = {isa = PBXFileReference; lastKnownFileType = sourcecode.swift; path = VirtualPetUITestsLaunchTests.swift; sourceTree = "<group>"; };
		9C15F5D02C7F511A00D3DFD4 /* CreatePetView.swift */ = {isa = PBXFileReference; lastKnownFileType = sourcecode.swift; path = CreatePetView.swift; sourceTree = "<group>"; };
		9C15F5D22C7F514E00D3DFD4 /* HomeView.swift */ = {isa = PBXFileReference; lastKnownFileType = sourcecode.swift; path = HomeView.swift; sourceTree = "<group>"; };
		9C15F5D62C7F537600D3DFD4 /* Pet.swift */ = {isa = PBXFileReference; lastKnownFileType = sourcecode.swift; path = Pet.swift; sourceTree = "<group>"; };
		9C15F5D82C7F538800D3DFD4 /* PetType.swift */ = {isa = PBXFileReference; lastKnownFileType = sourcecode.swift; path = PetType.swift; sourceTree = "<group>"; };
		9C15F5DA2C7F76A900D3DFD4 /* RegistrationView.swift */ = {isa = PBXFileReference; lastKnownFileType = sourcecode.swift; path = RegistrationView.swift; sourceTree = "<group>"; };
		9C15F5DC2C7F76BA00D3DFD4 /* User.swift */ = {isa = PBXFileReference; lastKnownFileType = sourcecode.swift; path = User.swift; sourceTree = "<group>"; };
		9C15F5DE2C7F78FE00D3DFD4 /* OnboardingView.swift */ = {isa = PBXFileReference; lastKnownFileType = sourcecode.swift; path = OnboardingView.swift; sourceTree = "<group>"; };
		9C15F5E02C7F791200D3DFD4 /* LoginView.swift */ = {isa = PBXFileReference; lastKnownFileType = sourcecode.swift; path = LoginView.swift; sourceTree = "<group>"; };
		9C3422542CA40E9000B98ADF /* Router.swift */ = {isa = PBXFileReference; lastKnownFileType = sourcecode.swift; path = Router.swift; sourceTree = "<group>"; };
		9C3422582CA5551200B98ADF /* PetService.swift */ = {isa = PBXFileReference; lastKnownFileType = sourcecode.swift; path = PetService.swift; sourceTree = "<group>"; };
		9C5E2A702CA1BACC0071022C /* PetPlaceholderView.swift */ = {isa = PBXFileReference; lastKnownFileType = sourcecode.swift; path = PetPlaceholderView.swift; sourceTree = "<group>"; };
		9C9BF5332C888B68001CF73C /* NetworkingService.swift */ = {isa = PBXFileReference; lastKnownFileType = sourcecode.swift; path = NetworkingService.swift; sourceTree = "<group>"; };
		9C9BF5352C889075001CF73C /* AuthService.swift */ = {isa = PBXFileReference; lastKnownFileType = sourcecode.swift; path = AuthService.swift; sourceTree = "<group>"; };
		9C9BF5372C88B00D001CF73C /* Info.plist */ = {isa = PBXFileReference; lastKnownFileType = text.plist; path = Info.plist; sourceTree = "<group>"; };
		9CCDF4722C8B51890013133F /* ErrorResponse.swift */ = {isa = PBXFileReference; lastKnownFileType = sourcecode.swift; path = ErrorResponse.swift; sourceTree = "<group>"; };
		9CCDF4742C8F14A60013133F /* UserService.swift */ = {isa = PBXFileReference; lastKnownFileType = sourcecode.swift; path = UserService.swift; sourceTree = "<group>"; };
		9CCDF4762C8F32E10013133F /* LoginResponse.swift */ = {isa = PBXFileReference; lastKnownFileType = sourcecode.swift; path = LoginResponse.swift; sourceTree = "<group>"; };
		9CF34C5A2C8715ED00114E72 /* Cat-LightGray.json */ = {isa = PBXFileReference; fileEncoding = 4; lastKnownFileType = text.json; path = "Cat-LightGray.json"; sourceTree = "<group>"; };
		9CF34C5C2C87163700114E72 /* Cat-Black.json */ = {isa = PBXFileReference; fileEncoding = 4; lastKnownFileType = text.json; path = "Cat-Black.json"; sourceTree = "<group>"; };
		9CF34C5E2C87165600114E72 /* Cat-Orange.json */ = {isa = PBXFileReference; fileEncoding = 4; lastKnownFileType = text.json; path = "Cat-Orange.json"; sourceTree = "<group>"; };
		9CF34C602C87167D00114E72 /* Cat-DarkGray.json */ = {isa = PBXFileReference; fileEncoding = 4; lastKnownFileType = text.json; path = "Cat-DarkGray.json"; sourceTree = "<group>"; };
		9CF34C622C8721D900114E72 /* PetNeeds.swift */ = {isa = PBXFileReference; lastKnownFileType = sourcecode.swift; path = PetNeeds.swift; sourceTree = "<group>"; };
		9CF34C642C873C9100114E72 /* PetDetailsViewModel.swift */ = {isa = PBXFileReference; lastKnownFileType = sourcecode.swift; path = PetDetailsViewModel.swift; sourceTree = "<group>"; };
		9CF34C682C87427C00114E72 /* CreatePetViewModel.swift */ = {isa = PBXFileReference; lastKnownFileType = sourcecode.swift; path = CreatePetViewModel.swift; sourceTree = "<group>"; };
		9CF34C6A2C875FEF00114E72 /* AuthViewModel.swift */ = {isa = PBXFileReference; lastKnownFileType = sourcecode.swift; path = AuthViewModel.swift; sourceTree = "<group>"; };
		9CFAFEE02C9B14DC005CF70C /* HomeViewModel.swift */ = {isa = PBXFileReference; lastKnownFileType = sourcecode.swift; path = HomeViewModel.swift; sourceTree = "<group>"; };
		9CFAFEE62C9C9762005CF70C /* UserResponse.swift */ = {isa = PBXFileReference; lastKnownFileType = sourcecode.swift; path = UserResponse.swift; sourceTree = "<group>"; };
/* End PBXFileReference section */

/* Begin PBXFrameworksBuildPhase section */
		9C15F5A02C7F48B400D3DFD4 /* Frameworks */ = {
			isa = PBXFrameworksBuildPhase;
			buildActionMask = 2147483647;
			files = (
				9C05AD3B2C8713A9009D027D /* Lottie in Frameworks */,
			);
			runOnlyForDeploymentPostprocessing = 0;
		};
		9C15F5B02C7F48B500D3DFD4 /* Frameworks */ = {
			isa = PBXFrameworksBuildPhase;
			buildActionMask = 2147483647;
			files = (
			);
			runOnlyForDeploymentPostprocessing = 0;
		};
		9C15F5BA2C7F48B500D3DFD4 /* Frameworks */ = {
			isa = PBXFrameworksBuildPhase;
			buildActionMask = 2147483647;
			files = (
			);
			runOnlyForDeploymentPostprocessing = 0;
		};
/* End PBXFrameworksBuildPhase section */

/* Begin PBXGroup section */
		9C15F59A2C7F48B400D3DFD4 = {
			isa = PBXGroup;
			children = (
				9C15F5A52C7F48B400D3DFD4 /* VirtualPet */,
				9C15F5B62C7F48B500D3DFD4 /* VirtualPetTests */,
				9C15F5C02C7F48B500D3DFD4 /* VirtualPetUITests */,
				9C15F5A42C7F48B400D3DFD4 /* Products */,
			);
			sourceTree = "<group>";
		};
		9C15F5A42C7F48B400D3DFD4 /* Products */ = {
			isa = PBXGroup;
			children = (
				9C15F5A32C7F48B400D3DFD4 /* VirtualPet.app */,
				9C15F5B32C7F48B500D3DFD4 /* VirtualPetTests.xctest */,
				9C15F5BD2C7F48B500D3DFD4 /* VirtualPetUITests.xctest */,
			);
			name = Products;
			sourceTree = "<group>";
		};
		9C15F5A52C7F48B400D3DFD4 /* VirtualPet */ = {
			isa = PBXGroup;
			children = (
				9C9BF5372C88B00D001CF73C /* Info.plist */,
				9C9BF5322C888B5A001CF73C /* NetworkingService */,
				9C15F5A62C7F48B400D3DFD4 /* VirtualPetApp.swift */,
				9C15F5D42C7F535600D3DFD4 /* View */,
				9C15F5D52C7F536400D3DFD4 /* Model */,
				9CF34C662C87424B00114E72 /* ViewModel */,
				9C15F5AA2C7F48B500D3DFD4 /* Assets.xcassets */,
				9CF34C5E2C87165600114E72 /* Cat-Orange.json */,
				9CF34C5A2C8715ED00114E72 /* Cat-LightGray.json */,
				9CF34C5C2C87163700114E72 /* Cat-Black.json */,
				9CF34C602C87167D00114E72 /* Cat-DarkGray.json */,
				9C15F5AC2C7F48B500D3DFD4 /* Preview Content */,
			);
			path = VirtualPet;
			sourceTree = "<group>";
		};
		9C15F5AC2C7F48B500D3DFD4 /* Preview Content */ = {
			isa = PBXGroup;
			children = (
				9C15F5AD2C7F48B500D3DFD4 /* Preview Assets.xcassets */,
			);
			path = "Preview Content";
			sourceTree = "<group>";
		};
		9C15F5B62C7F48B500D3DFD4 /* VirtualPetTests */ = {
			isa = PBXGroup;
			children = (
				9C15F5B72C7F48B500D3DFD4 /* VirtualPetTests.swift */,
			);
			path = VirtualPetTests;
			sourceTree = "<group>";
		};
		9C15F5C02C7F48B500D3DFD4 /* VirtualPetUITests */ = {
			isa = PBXGroup;
			children = (
				9C15F5C12C7F48B500D3DFD4 /* VirtualPetUITests.swift */,
				9C15F5C32C7F48B500D3DFD4 /* VirtualPetUITestsLaunchTests.swift */,
			);
			path = VirtualPetUITests;
			sourceTree = "<group>";
		};
		9C15F5D42C7F535600D3DFD4 /* View */ = {
			isa = PBXGroup;
			children = (
				9C3422542CA40E9000B98ADF /* Router.swift */,
				9C5E2A702CA1BACC0071022C /* PetPlaceholderView.swift */,
				9C15F5DE2C7F78FE00D3DFD4 /* OnboardingView.swift */,
				9C15F5DA2C7F76A900D3DFD4 /* RegistrationView.swift */,
				9C15F5E02C7F791200D3DFD4 /* LoginView.swift */,
				9C15F5D22C7F514E00D3DFD4 /* HomeView.swift */,
				9C15F5D02C7F511A00D3DFD4 /* CreatePetView.swift */,
				9C05AD312C81CA20009D027D /* PetDetailsView.swift */,
				9C05AD362C860743009D027D /* LottieView.swift */,
			);
			path = View;
			sourceTree = "<group>";
		};
		9C15F5D52C7F536400D3DFD4 /* Model */ = {
			isa = PBXGroup;
			children = (
				9CFAFEE62C9C9762005CF70C /* UserResponse.swift */,
				9C15F5D62C7F537600D3DFD4 /* Pet.swift */,
				9C15F5D82C7F538800D3DFD4 /* PetType.swift */,
				9C15F5DC2C7F76BA00D3DFD4 /* User.swift */,
				9C05AD2F2C81C9FF009D027D /* PetMood.swift */,
				9CF34C622C8721D900114E72 /* PetNeeds.swift */,
				9CCDF4722C8B51890013133F /* ErrorResponse.swift */,
				9CCDF4762C8F32E10013133F /* LoginResponse.swift */,
			);
			path = Model;
			sourceTree = "<group>";
		};
		9C9BF5322C888B5A001CF73C /* NetworkingService */ = {
			isa = PBXGroup;
			children = (
				9C3422582CA5551200B98ADF /* PetService.swift */,
				9C9BF5332C888B68001CF73C /* NetworkingService.swift */,
				9C9BF5352C889075001CF73C /* AuthService.swift */,
				9CCDF4742C8F14A60013133F /* UserService.swift */,
			);
			path = NetworkingService;
			sourceTree = "<group>";
		};
		9CF34C662C87424B00114E72 /* ViewModel */ = {
			isa = PBXGroup;
			children = (
				9CFAFEE02C9B14DC005CF70C /* HomeViewModel.swift */,
				9CF34C642C873C9100114E72 /* PetDetailsViewModel.swift */,
				9CF34C682C87427C00114E72 /* CreatePetViewModel.swift */,
				9CF34C6A2C875FEF00114E72 /* AuthViewModel.swift */,
			);
			path = ViewModel;
			sourceTree = "<group>";
		};
/* End PBXGroup section */

/* Begin PBXNativeTarget section */
		9C15F5A22C7F48B400D3DFD4 /* VirtualPet */ = {
			isa = PBXNativeTarget;
			buildConfigurationList = 9C15F5C72C7F48B500D3DFD4 /* Build configuration list for PBXNativeTarget "VirtualPet" */;
			buildPhases = (
				9C15F59F2C7F48B400D3DFD4 /* Sources */,
				9C15F5A02C7F48B400D3DFD4 /* Frameworks */,
				9C15F5A12C7F48B400D3DFD4 /* Resources */,
			);
			buildRules = (
			);
			dependencies = (
			);
			name = VirtualPet;
			packageProductDependencies = (
				9C05AD3A2C8713A9009D027D /* Lottie */,
			);
			productName = VirtualPet;
			productReference = 9C15F5A32C7F48B400D3DFD4 /* VirtualPet.app */;
			productType = "com.apple.product-type.application";
		};
		9C15F5B22C7F48B500D3DFD4 /* VirtualPetTests */ = {
			isa = PBXNativeTarget;
			buildConfigurationList = 9C15F5CA2C7F48B500D3DFD4 /* Build configuration list for PBXNativeTarget "VirtualPetTests" */;
			buildPhases = (
				9C15F5AF2C7F48B500D3DFD4 /* Sources */,
				9C15F5B02C7F48B500D3DFD4 /* Frameworks */,
				9C15F5B12C7F48B500D3DFD4 /* Resources */,
			);
			buildRules = (
			);
			dependencies = (
				9C15F5B52C7F48B500D3DFD4 /* PBXTargetDependency */,
			);
			name = VirtualPetTests;
			productName = VirtualPetTests;
			productReference = 9C15F5B32C7F48B500D3DFD4 /* VirtualPetTests.xctest */;
			productType = "com.apple.product-type.bundle.unit-test";
		};
		9C15F5BC2C7F48B500D3DFD4 /* VirtualPetUITests */ = {
			isa = PBXNativeTarget;
			buildConfigurationList = 9C15F5CD2C7F48B500D3DFD4 /* Build configuration list for PBXNativeTarget "VirtualPetUITests" */;
			buildPhases = (
				9C15F5B92C7F48B500D3DFD4 /* Sources */,
				9C15F5BA2C7F48B500D3DFD4 /* Frameworks */,
				9C15F5BB2C7F48B500D3DFD4 /* Resources */,
			);
			buildRules = (
			);
			dependencies = (
				9C15F5BF2C7F48B500D3DFD4 /* PBXTargetDependency */,
			);
			name = VirtualPetUITests;
			productName = VirtualPetUITests;
			productReference = 9C15F5BD2C7F48B500D3DFD4 /* VirtualPetUITests.xctest */;
			productType = "com.apple.product-type.bundle.ui-testing";
		};
/* End PBXNativeTarget section */

/* Begin PBXProject section */
		9C15F59B2C7F48B400D3DFD4 /* Project object */ = {
			isa = PBXProject;
			attributes = {
				BuildIndependentTargetsInParallel = 1;
				LastSwiftUpdateCheck = 1540;
				LastUpgradeCheck = 1540;
				TargetAttributes = {
					9C15F5A22C7F48B400D3DFD4 = {
						CreatedOnToolsVersion = 15.4;
					};
					9C15F5B22C7F48B500D3DFD4 = {
						CreatedOnToolsVersion = 15.4;
						TestTargetID = 9C15F5A22C7F48B400D3DFD4;
					};
					9C15F5BC2C7F48B500D3DFD4 = {
						CreatedOnToolsVersion = 15.4;
						TestTargetID = 9C15F5A22C7F48B400D3DFD4;
					};
				};
			};
			buildConfigurationList = 9C15F59E2C7F48B400D3DFD4 /* Build configuration list for PBXProject "VirtualPet" */;
			compatibilityVersion = "Xcode 14.0";
			developmentRegion = en;
			hasScannedForEncodings = 0;
			knownRegions = (
				en,
				Base,
			);
			mainGroup = 9C15F59A2C7F48B400D3DFD4;
			packageReferences = (
				9C05AD332C86072B009D027D /* XCRemoteSwiftPackageReference "lottie-ios" */,
			);
			productRefGroup = 9C15F5A42C7F48B400D3DFD4 /* Products */;
			projectDirPath = "";
			projectRoot = "";
			targets = (
				9C15F5A22C7F48B400D3DFD4 /* VirtualPet */,
				9C15F5B22C7F48B500D3DFD4 /* VirtualPetTests */,
				9C15F5BC2C7F48B500D3DFD4 /* VirtualPetUITests */,
			);
		};
/* End PBXProject section */

/* Begin PBXResourcesBuildPhase section */
		9C15F5A12C7F48B400D3DFD4 /* Resources */ = {
			isa = PBXResourcesBuildPhase;
			buildActionMask = 2147483647;
			files = (
				9CF34C612C87167D00114E72 /* Cat-DarkGray.json in Resources */,
				9CF34C5D2C87163700114E72 /* Cat-Black.json in Resources */,
				9C15F5AE2C7F48B500D3DFD4 /* Preview Assets.xcassets in Resources */,
				9CF34C5B2C8715ED00114E72 /* Cat-LightGray.json in Resources */,
				9CF34C5F2C87165600114E72 /* Cat-Orange.json in Resources */,
				9C15F5AB2C7F48B500D3DFD4 /* Assets.xcassets in Resources */,
			);
			runOnlyForDeploymentPostprocessing = 0;
		};
		9C15F5B12C7F48B500D3DFD4 /* Resources */ = {
			isa = PBXResourcesBuildPhase;
			buildActionMask = 2147483647;
			files = (
			);
			runOnlyForDeploymentPostprocessing = 0;
		};
		9C15F5BB2C7F48B500D3DFD4 /* Resources */ = {
			isa = PBXResourcesBuildPhase;
			buildActionMask = 2147483647;
			files = (
			);
			runOnlyForDeploymentPostprocessing = 0;
		};
/* End PBXResourcesBuildPhase section */

/* Begin PBXSourcesBuildPhase section */
		9C15F59F2C7F48B400D3DFD4 /* Sources */ = {
			isa = PBXSourcesBuildPhase;
			buildActionMask = 2147483647;
			files = (
				9C15F5D72C7F537600D3DFD4 /* Pet.swift in Sources */,
				9CFAFEE72C9C9766005CF70C /* UserResponse.swift in Sources */,
				9C3422592CA5551500B98ADF /* PetService.swift in Sources */,
				9C3422552CA40E9200B98ADF /* Router.swift in Sources */,
				9C5E2A712CA1BAD10071022C /* PetPlaceholderView.swift in Sources */,
				9C05AD322C81CA20009D027D /* PetDetailsView.swift in Sources */,
				9C15F5D92C7F538800D3DFD4 /* PetType.swift in Sources */,
				9C9BF5342C888B68001CF73C /* NetworkingService.swift in Sources */,
				9C15F5DF2C7F78FF00D3DFD4 /* OnboardingView.swift in Sources */,
				9C9BF5362C889075001CF73C /* AuthService.swift in Sources */,
				9C15F5DB2C7F76A900D3DFD4 /* RegistrationView.swift in Sources */,
				9C15F5DD2C7F76BA00D3DFD4 /* User.swift in Sources */,
				9CF34C6B2C875FEF00114E72 /* AuthViewModel.swift in Sources */,
				9C15F5D32C7F514E00D3DFD4 /* HomeView.swift in Sources */,
				9C05AD372C860743009D027D /* LottieView.swift in Sources */,
				9CF34C632C8721D900114E72 /* PetNeeds.swift in Sources */,
				9CFAFEE12C9B14DE005CF70C /* HomeViewModel.swift in Sources */,
				9C15F5A72C7F48B400D3DFD4 /* VirtualPetApp.swift in Sources */,
				9CCDF4752C8F14A60013133F /* UserService.swift in Sources */,
				9C15F5E12C7F791200D3DFD4 /* LoginView.swift in Sources */,
				9CCDF4732C8B51890013133F /* ErrorResponse.swift in Sources */,
				9CCDF4772C8F32E10013133F /* LoginResponse.swift in Sources */,
				9CF34C692C87427C00114E72 /* CreatePetViewModel.swift in Sources */,
				9C15F5D12C7F511A00D3DFD4 /* CreatePetView.swift in Sources */,
				9CF34C652C873C9100114E72 /* PetDetailsViewModel.swift in Sources */,
				9C05AD302C81C9FF009D027D /* PetMood.swift in Sources */,
			);
			runOnlyForDeploymentPostprocessing = 0;
		};
		9C15F5AF2C7F48B500D3DFD4 /* Sources */ = {
			isa = PBXSourcesBuildPhase;
			buildActionMask = 2147483647;
			files = (
				9C15F5B82C7F48B500D3DFD4 /* VirtualPetTests.swift in Sources */,
			);
			runOnlyForDeploymentPostprocessing = 0;
		};
		9C15F5B92C7F48B500D3DFD4 /* Sources */ = {
			isa = PBXSourcesBuildPhase;
			buildActionMask = 2147483647;
			files = (
				9C15F5C42C7F48B500D3DFD4 /* VirtualPetUITestsLaunchTests.swift in Sources */,
				9C15F5C22C7F48B500D3DFD4 /* VirtualPetUITests.swift in Sources */,
			);
			runOnlyForDeploymentPostprocessing = 0;
		};
/* End PBXSourcesBuildPhase section */

/* Begin PBXTargetDependency section */
		9C15F5B52C7F48B500D3DFD4 /* PBXTargetDependency */ = {
			isa = PBXTargetDependency;
			target = 9C15F5A22C7F48B400D3DFD4 /* VirtualPet */;
			targetProxy = 9C15F5B42C7F48B500D3DFD4 /* PBXContainerItemProxy */;
		};
		9C15F5BF2C7F48B500D3DFD4 /* PBXTargetDependency */ = {
			isa = PBXTargetDependency;
			target = 9C15F5A22C7F48B400D3DFD4 /* VirtualPet */;
			targetProxy = 9C15F5BE2C7F48B500D3DFD4 /* PBXContainerItemProxy */;
		};
/* End PBXTargetDependency section */

/* Begin XCBuildConfiguration section */
		9C15F5C52C7F48B500D3DFD4 /* Debug */ = {
			isa = XCBuildConfiguration;
			buildSettings = {
				ALWAYS_SEARCH_USER_PATHS = NO;
				ASSETCATALOG_COMPILER_GENERATE_SWIFT_ASSET_SYMBOL_EXTENSIONS = YES;
				CLANG_ANALYZER_NONNULL = YES;
				CLANG_ANALYZER_NUMBER_OBJECT_CONVERSION = YES_AGGRESSIVE;
				CLANG_CXX_LANGUAGE_STANDARD = "gnu++20";
				CLANG_ENABLE_MODULES = YES;
				CLANG_ENABLE_OBJC_ARC = YES;
				CLANG_ENABLE_OBJC_WEAK = YES;
				CLANG_WARN_BLOCK_CAPTURE_AUTORELEASING = YES;
				CLANG_WARN_BOOL_CONVERSION = YES;
				CLANG_WARN_COMMA = YES;
				CLANG_WARN_CONSTANT_CONVERSION = YES;
				CLANG_WARN_DEPRECATED_OBJC_IMPLEMENTATIONS = YES;
				CLANG_WARN_DIRECT_OBJC_ISA_USAGE = YES_ERROR;
				CLANG_WARN_DOCUMENTATION_COMMENTS = YES;
				CLANG_WARN_EMPTY_BODY = YES;
				CLANG_WARN_ENUM_CONVERSION = YES;
				CLANG_WARN_INFINITE_RECURSION = YES;
				CLANG_WARN_INT_CONVERSION = YES;
				CLANG_WARN_NON_LITERAL_NULL_CONVERSION = YES;
				CLANG_WARN_OBJC_IMPLICIT_RETAIN_SELF = YES;
				CLANG_WARN_OBJC_LITERAL_CONVERSION = YES;
				CLANG_WARN_OBJC_ROOT_CLASS = YES_ERROR;
				CLANG_WARN_QUOTED_INCLUDE_IN_FRAMEWORK_HEADER = YES;
				CLANG_WARN_RANGE_LOOP_ANALYSIS = YES;
				CLANG_WARN_STRICT_PROTOTYPES = YES;
				CLANG_WARN_SUSPICIOUS_MOVE = YES;
				CLANG_WARN_UNGUARDED_AVAILABILITY = YES_AGGRESSIVE;
				CLANG_WARN_UNREACHABLE_CODE = YES;
				CLANG_WARN__DUPLICATE_METHOD_MATCH = YES;
				COPY_PHASE_STRIP = NO;
				DEBUG_INFORMATION_FORMAT = dwarf;
				ENABLE_STRICT_OBJC_MSGSEND = YES;
				ENABLE_TESTABILITY = YES;
				ENABLE_USER_SCRIPT_SANDBOXING = YES;
				GCC_C_LANGUAGE_STANDARD = gnu17;
				GCC_DYNAMIC_NO_PIC = NO;
				GCC_NO_COMMON_BLOCKS = YES;
				GCC_OPTIMIZATION_LEVEL = 0;
				GCC_PREPROCESSOR_DEFINITIONS = (
					"DEBUG=1",
					"$(inherited)",
				);
				GCC_WARN_64_TO_32_BIT_CONVERSION = YES;
				GCC_WARN_ABOUT_RETURN_TYPE = YES_ERROR;
				GCC_WARN_UNDECLARED_SELECTOR = YES;
				GCC_WARN_UNINITIALIZED_AUTOS = YES_AGGRESSIVE;
				GCC_WARN_UNUSED_FUNCTION = YES;
				GCC_WARN_UNUSED_VARIABLE = YES;
				IPHONEOS_DEPLOYMENT_TARGET = 17.5;
				LOCALIZATION_PREFERS_STRING_CATALOGS = YES;
				MTL_ENABLE_DEBUG_INFO = INCLUDE_SOURCE;
				MTL_FAST_MATH = YES;
				ONLY_ACTIVE_ARCH = YES;
				SDKROOT = iphoneos;
				SWIFT_ACTIVE_COMPILATION_CONDITIONS = "DEBUG $(inherited)";
				SWIFT_OPTIMIZATION_LEVEL = "-Onone";
			};
			name = Debug;
		};
		9C15F5C62C7F48B500D3DFD4 /* Release */ = {
			isa = XCBuildConfiguration;
			buildSettings = {
				ALWAYS_SEARCH_USER_PATHS = NO;
				ASSETCATALOG_COMPILER_GENERATE_SWIFT_ASSET_SYMBOL_EXTENSIONS = YES;
				CLANG_ANALYZER_NONNULL = YES;
				CLANG_ANALYZER_NUMBER_OBJECT_CONVERSION = YES_AGGRESSIVE;
				CLANG_CXX_LANGUAGE_STANDARD = "gnu++20";
				CLANG_ENABLE_MODULES = YES;
				CLANG_ENABLE_OBJC_ARC = YES;
				CLANG_ENABLE_OBJC_WEAK = YES;
				CLANG_WARN_BLOCK_CAPTURE_AUTORELEASING = YES;
				CLANG_WARN_BOOL_CONVERSION = YES;
				CLANG_WARN_COMMA = YES;
				CLANG_WARN_CONSTANT_CONVERSION = YES;
				CLANG_WARN_DEPRECATED_OBJC_IMPLEMENTATIONS = YES;
				CLANG_WARN_DIRECT_OBJC_ISA_USAGE = YES_ERROR;
				CLANG_WARN_DOCUMENTATION_COMMENTS = YES;
				CLANG_WARN_EMPTY_BODY = YES;
				CLANG_WARN_ENUM_CONVERSION = YES;
				CLANG_WARN_INFINITE_RECURSION = YES;
				CLANG_WARN_INT_CONVERSION = YES;
				CLANG_WARN_NON_LITERAL_NULL_CONVERSION = YES;
				CLANG_WARN_OBJC_IMPLICIT_RETAIN_SELF = YES;
				CLANG_WARN_OBJC_LITERAL_CONVERSION = YES;
				CLANG_WARN_OBJC_ROOT_CLASS = YES_ERROR;
				CLANG_WARN_QUOTED_INCLUDE_IN_FRAMEWORK_HEADER = YES;
				CLANG_WARN_RANGE_LOOP_ANALYSIS = YES;
				CLANG_WARN_STRICT_PROTOTYPES = YES;
				CLANG_WARN_SUSPICIOUS_MOVE = YES;
				CLANG_WARN_UNGUARDED_AVAILABILITY = YES_AGGRESSIVE;
				CLANG_WARN_UNREACHABLE_CODE = YES;
				CLANG_WARN__DUPLICATE_METHOD_MATCH = YES;
				COPY_PHASE_STRIP = NO;
				DEBUG_INFORMATION_FORMAT = "dwarf-with-dsym";
				ENABLE_NS_ASSERTIONS = NO;
				ENABLE_STRICT_OBJC_MSGSEND = YES;
				ENABLE_USER_SCRIPT_SANDBOXING = YES;
				GCC_C_LANGUAGE_STANDARD = gnu17;
				GCC_NO_COMMON_BLOCKS = YES;
				GCC_WARN_64_TO_32_BIT_CONVERSION = YES;
				GCC_WARN_ABOUT_RETURN_TYPE = YES_ERROR;
				GCC_WARN_UNDECLARED_SELECTOR = YES;
				GCC_WARN_UNINITIALIZED_AUTOS = YES_AGGRESSIVE;
				GCC_WARN_UNUSED_FUNCTION = YES;
				GCC_WARN_UNUSED_VARIABLE = YES;
				IPHONEOS_DEPLOYMENT_TARGET = 17.5;
				LOCALIZATION_PREFERS_STRING_CATALOGS = YES;
				MTL_ENABLE_DEBUG_INFO = NO;
				MTL_FAST_MATH = YES;
				SDKROOT = iphoneos;
				SWIFT_COMPILATION_MODE = wholemodule;
				VALIDATE_PRODUCT = YES;
			};
			name = Release;
		};
		9C15F5C82C7F48B500D3DFD4 /* Debug */ = {
			isa = XCBuildConfiguration;
			buildSettings = {
				ASSETCATALOG_COMPILER_APPICON_NAME = AppIcon;
				ASSETCATALOG_COMPILER_GLOBAL_ACCENT_COLOR_NAME = AccentColor;
				CODE_SIGN_STYLE = Automatic;
				CURRENT_PROJECT_VERSION = 1;
				DEVELOPMENT_ASSET_PATHS = "\"VirtualPet/Preview Content\"";
				DEVELOPMENT_TEAM = DSYB3VSYU2;
				ENABLE_PREVIEWS = YES;
				GENERATE_INFOPLIST_FILE = YES;
				INFOPLIST_FILE = VirtualPet/Info.plist;
				INFOPLIST_KEY_UIApplicationSceneManifest_Generation = YES;
				INFOPLIST_KEY_UIApplicationSupportsIndirectInputEvents = YES;
				INFOPLIST_KEY_UILaunchScreen_Generation = YES;
				INFOPLIST_KEY_UISupportedInterfaceOrientations_iPad = "UIInterfaceOrientationPortrait UIInterfaceOrientationPortraitUpsideDown UIInterfaceOrientationLandscapeLeft UIInterfaceOrientationLandscapeRight";
				INFOPLIST_KEY_UISupportedInterfaceOrientations_iPhone = "UIInterfaceOrientationPortrait UIInterfaceOrientationLandscapeLeft UIInterfaceOrientationLandscapeRight";
				LD_RUNPATH_SEARCH_PATHS = (
					"$(inherited)",
					"@executable_path/Frameworks",
				);
				MARKETING_VERSION = 1.0;
				PRODUCT_BUNDLE_IDENTIFIER = marinaaguiar.VirtualPet;
				PRODUCT_NAME = "$(TARGET_NAME)";
				SWIFT_EMIT_LOC_STRINGS = YES;
				SWIFT_VERSION = 5.0;
				TARGETED_DEVICE_FAMILY = "1,2";
			};
			name = Debug;
		};
		9C15F5C92C7F48B500D3DFD4 /* Release */ = {
			isa = XCBuildConfiguration;
			buildSettings = {
				ASSETCATALOG_COMPILER_APPICON_NAME = AppIcon;
				ASSETCATALOG_COMPILER_GLOBAL_ACCENT_COLOR_NAME = AccentColor;
				CODE_SIGN_STYLE = Automatic;
				CURRENT_PROJECT_VERSION = 1;
				DEVELOPMENT_ASSET_PATHS = "\"VirtualPet/Preview Content\"";
				DEVELOPMENT_TEAM = DSYB3VSYU2;
				ENABLE_PREVIEWS = YES;
				GENERATE_INFOPLIST_FILE = YES;
				INFOPLIST_FILE = VirtualPet/Info.plist;
				INFOPLIST_KEY_UIApplicationSceneManifest_Generation = YES;
				INFOPLIST_KEY_UIApplicationSupportsIndirectInputEvents = YES;
				INFOPLIST_KEY_UILaunchScreen_Generation = YES;
				INFOPLIST_KEY_UISupportedInterfaceOrientations_iPad = "UIInterfaceOrientationPortrait UIInterfaceOrientationPortraitUpsideDown UIInterfaceOrientationLandscapeLeft UIInterfaceOrientationLandscapeRight";
				INFOPLIST_KEY_UISupportedInterfaceOrientations_iPhone = "UIInterfaceOrientationPortrait UIInterfaceOrientationLandscapeLeft UIInterfaceOrientationLandscapeRight";
				LD_RUNPATH_SEARCH_PATHS = (
					"$(inherited)",
					"@executable_path/Frameworks",
				);
				MARKETING_VERSION = 1.0;
				PRODUCT_BUNDLE_IDENTIFIER = marinaaguiar.VirtualPet;
				PRODUCT_NAME = "$(TARGET_NAME)";
				SWIFT_EMIT_LOC_STRINGS = YES;
				SWIFT_VERSION = 5.0;
				TARGETED_DEVICE_FAMILY = "1,2";
			};
			name = Release;
		};
		9C15F5CB2C7F48B500D3DFD4 /* Debug */ = {
			isa = XCBuildConfiguration;
			buildSettings = {
				ALWAYS_EMBED_SWIFT_STANDARD_LIBRARIES = YES;
				BUNDLE_LOADER = "$(TEST_HOST)";
				CODE_SIGN_STYLE = Automatic;
				CURRENT_PROJECT_VERSION = 1;
				DEVELOPMENT_TEAM = DSYB3VSYU2;
				GENERATE_INFOPLIST_FILE = YES;
				IPHONEOS_DEPLOYMENT_TARGET = 17.5;
				MARKETING_VERSION = 1.0;
				PRODUCT_BUNDLE_IDENTIFIER = marinaaguiar.VirtualPetTests;
				PRODUCT_NAME = "$(TARGET_NAME)";
				SWIFT_EMIT_LOC_STRINGS = NO;
				SWIFT_VERSION = 5.0;
				TARGETED_DEVICE_FAMILY = "1,2";
				TEST_HOST = "$(BUILT_PRODUCTS_DIR)/VirtualPet.app/$(BUNDLE_EXECUTABLE_FOLDER_PATH)/VirtualPet";
			};
			name = Debug;
		};
		9C15F5CC2C7F48B500D3DFD4 /* Release */ = {
			isa = XCBuildConfiguration;
			buildSettings = {
				ALWAYS_EMBED_SWIFT_STANDARD_LIBRARIES = YES;
				BUNDLE_LOADER = "$(TEST_HOST)";
				CODE_SIGN_STYLE = Automatic;
				CURRENT_PROJECT_VERSION = 1;
				DEVELOPMENT_TEAM = DSYB3VSYU2;
				GENERATE_INFOPLIST_FILE = YES;
				IPHONEOS_DEPLOYMENT_TARGET = 17.5;
				MARKETING_VERSION = 1.0;
				PRODUCT_BUNDLE_IDENTIFIER = marinaaguiar.VirtualPetTests;
				PRODUCT_NAME = "$(TARGET_NAME)";
				SWIFT_EMIT_LOC_STRINGS = NO;
				SWIFT_VERSION = 5.0;
				TARGETED_DEVICE_FAMILY = "1,2";
				TEST_HOST = "$(BUILT_PRODUCTS_DIR)/VirtualPet.app/$(BUNDLE_EXECUTABLE_FOLDER_PATH)/VirtualPet";
			};
			name = Release;
		};
		9C15F5CE2C7F48B500D3DFD4 /* Debug */ = {
			isa = XCBuildConfiguration;
			buildSettings = {
				ALWAYS_EMBED_SWIFT_STANDARD_LIBRARIES = YES;
				CODE_SIGN_STYLE = Automatic;
				CURRENT_PROJECT_VERSION = 1;
				DEVELOPMENT_TEAM = DSYB3VSYU2;
				GENERATE_INFOPLIST_FILE = YES;
				MARKETING_VERSION = 1.0;
				PRODUCT_BUNDLE_IDENTIFIER = marinaaguiar.VirtualPetUITests;
				PRODUCT_NAME = "$(TARGET_NAME)";
				SWIFT_EMIT_LOC_STRINGS = NO;
				SWIFT_VERSION = 5.0;
				TARGETED_DEVICE_FAMILY = "1,2";
				TEST_TARGET_NAME = VirtualPet;
			};
			name = Debug;
		};
		9C15F5CF2C7F48B500D3DFD4 /* Release */ = {
			isa = XCBuildConfiguration;
			buildSettings = {
				ALWAYS_EMBED_SWIFT_STANDARD_LIBRARIES = YES;
				CODE_SIGN_STYLE = Automatic;
				CURRENT_PROJECT_VERSION = 1;
				DEVELOPMENT_TEAM = DSYB3VSYU2;
				GENERATE_INFOPLIST_FILE = YES;
				MARKETING_VERSION = 1.0;
				PRODUCT_BUNDLE_IDENTIFIER = marinaaguiar.VirtualPetUITests;
				PRODUCT_NAME = "$(TARGET_NAME)";
				SWIFT_EMIT_LOC_STRINGS = NO;
				SWIFT_VERSION = 5.0;
				TARGETED_DEVICE_FAMILY = "1,2";
				TEST_TARGET_NAME = VirtualPet;
			};
			name = Release;
		};
/* End XCBuildConfiguration section */

/* Begin XCConfigurationList section */
		9C15F59E2C7F48B400D3DFD4 /* Build configuration list for PBXProject "VirtualPet" */ = {
			isa = XCConfigurationList;
			buildConfigurations = (
				9C15F5C52C7F48B500D3DFD4 /* Debug */,
				9C15F5C62C7F48B500D3DFD4 /* Release */,
			);
			defaultConfigurationIsVisible = 0;
			defaultConfigurationName = Release;
		};
		9C15F5C72C7F48B500D3DFD4 /* Build configuration list for PBXNativeTarget "VirtualPet" */ = {
			isa = XCConfigurationList;
			buildConfigurations = (
				9C15F5C82C7F48B500D3DFD4 /* Debug */,
				9C15F5C92C7F48B500D3DFD4 /* Release */,
			);
			defaultConfigurationIsVisible = 0;
			defaultConfigurationName = Release;
		};
		9C15F5CA2C7F48B500D3DFD4 /* Build configuration list for PBXNativeTarget "VirtualPetTests" */ = {
			isa = XCConfigurationList;
			buildConfigurations = (
				9C15F5CB2C7F48B500D3DFD4 /* Debug */,
				9C15F5CC2C7F48B500D3DFD4 /* Release */,
			);
			defaultConfigurationIsVisible = 0;
			defaultConfigurationName = Release;
		};
		9C15F5CD2C7F48B500D3DFD4 /* Build configuration list for PBXNativeTarget "VirtualPetUITests" */ = {
			isa = XCConfigurationList;
			buildConfigurations = (
				9C15F5CE2C7F48B500D3DFD4 /* Debug */,
				9C15F5CF2C7F48B500D3DFD4 /* Release */,
			);
			defaultConfigurationIsVisible = 0;
			defaultConfigurationName = Release;
		};
/* End XCConfigurationList section */

/* Begin XCRemoteSwiftPackageReference section */
		9C05AD332C86072B009D027D /* XCRemoteSwiftPackageReference "lottie-ios" */ = {
			isa = XCRemoteSwiftPackageReference;
			repositoryURL = "https://github.com/airbnb/lottie-ios.git";
			requirement = {
				kind = upToNextMajorVersion;
				minimumVersion = 4.5.0;
			};
		};
/* End XCRemoteSwiftPackageReference section */

/* Begin XCSwiftPackageProductDependency section */
		9C05AD3A2C8713A9009D027D /* Lottie */ = {
			isa = XCSwiftPackageProductDependency;
			package = 9C05AD332C86072B009D027D /* XCRemoteSwiftPackageReference "lottie-ios" */;
			productName = Lottie;
		};
/* End XCSwiftPackageProductDependency section */
	};
	rootObject = 9C15F59B2C7F48B400D3DFD4 /* Project object */;
}
